Microsoft Visual Studio Solution File, Format Version 12.00
# Visual Studio Version 17
VisualStudioVersion = 17.5.2.0
MinimumVisualStudioVersion = 10.0.40219.1
Project("{FAE04EC0-301F-11D3-BF4B-00C04F79EFBC}") = "FFDecryptorizerCSharp", "FFDecryptorizerCSharp.csproj", "{12FF0E5F-1B9E-E01F-010A-5C7068A99628}"
EndProject
Global
	GlobalSection(SolutionConfigurationPlatforms) = preSolution
		Debug|Any CPU = Debug|Any CPU
		Release|Any CPU = Release|Any CPU
	EndGlobalSection
	GlobalSection(ProjectConfigurationPlatforms) = postSolution
		{12FF0E5F-1B9E-E01F-010A-5C7068A99628}.Debug|Any CPU.ActiveCfg = Debug|Any CPU
		{12FF0E5F-1B9E-E01F-010A-5C7068A99628}.Debug|Any CPU.Build.0 = Debug|Any CPU
		{12FF0E5F-1B9E-E01F-010A-5C7068A99628}.Release|Any CPU.ActiveCfg = Release|Any CPU
		{12FF0E5F-1B9E-E01F-010A-5C7068A99628}.Release|Any CPU.Build.0 = Release|Any CPU
	EndGlobalSection
	GlobalSection(SolutionProperties) = preSolution
		HideSolutionNode = FALSE
	EndGlobalSection
	GlobalSection(ExtensibilityGlobals) = postSolution
		SolutionGuid = {E63A1702-6068-4741-92E1-3DE1029FD19B}
	EndGlobalSection
EndGlobal
